// !$*UTF8*$!
{
	archiveVersion = 1;
	classes = {
	};
	objectVersion = 56;
	objects = {

/* Begin PBXBuildFile section */
		EDE53CA62A657FCD000D4895 /* AppDelegate.swift in Sources */ = {isa = PBXBuildFile; fileRef = EDE53CA52A657FCD000D4895 /* AppDelegate.swift */; };
		EDE53CA82A657FCD000D4895 /* SceneDelegate.swift in Sources */ = {isa = PBXBuildFile; fileRef = EDE53CA72A657FCD000D4895 /* SceneDelegate.swift */; };
		EDE53CAA2A657FCD000D4895 /* MainViewController.swift in Sources */ = {isa = PBXBuildFile; fileRef = EDE53CA92A657FCD000D4895 /* MainViewController.swift */; };
		EDE53CAF2A657FCF000D4895 /* Assets.xcassets in Resources */ = {isa = PBXBuildFile; fileRef = EDE53CAE2A657FCF000D4895 /* Assets.xcassets */; };
		EDE53CB22A657FCF000D4895 /* LaunchScreen.storyboard in Resources */ = {isa = PBXBuildFile; fileRef = EDE53CB02A657FCF000D4895 /* LaunchScreen.storyboard */; };
		EDE53CBD2A657FCF000D4895 /* MyKeynoteTests.swift in Sources */ = {isa = PBXBuildFile; fileRef = EDE53CBC2A657FCF000D4895 /* MyKeynoteTests.swift */; };
		EDE53CC72A657FCF000D4895 /* MyKeynoteUITests.swift in Sources */ = {isa = PBXBuildFile; fileRef = EDE53CC62A657FCF000D4895 /* MyKeynoteUITests.swift */; };
		EDE53CC92A657FCF000D4895 /* MyKeynoteUITestsLaunchTests.swift in Sources */ = {isa = PBXBuildFile; fileRef = EDE53CC82A657FCF000D4895 /* MyKeynoteUITestsLaunchTests.swift */; };
		EDE53CD72A659D3C000D4895 /* Protocols.swift in Sources */ = {isa = PBXBuildFile; fileRef = EDE53CD62A659D3C000D4895 /* Protocols.swift */; };
		EDE53CD92A65A02C000D4895 /* SquareSlide.swift in Sources */ = {isa = PBXBuildFile; fileRef = EDE53CD82A65A02C000D4895 /* SquareSlide.swift */; };
		EDE53CDB2A65A38E000D4895 /* Factory.swift in Sources */ = {isa = PBXBuildFile; fileRef = EDE53CDA2A65A38E000D4895 /* Factory.swift */; };
		EDE53CDD2A6683E0000D4895 /* AlphaType.swift in Sources */ = {isa = PBXBuildFile; fileRef = EDE53CDC2A6683E0000D4895 /* AlphaType.swift */; };
		EDE53CDF2A66841B000D4895 /* RGBColor.swift in Sources */ = {isa = PBXBuildFile; fileRef = EDE53CDE2A66841B000D4895 /* RGBColor.swift */; };
		EDE53CE12A668DE0000D4895 /* StringExtension.swift in Sources */ = {isa = PBXBuildFile; fileRef = EDE53CE02A668DE0000D4895 /* StringExtension.swift */; };
		EDE53CE42A669DCC000D4895 /* ConstantSize.swift in Sources */ = {isa = PBXBuildFile; fileRef = EDE53CE32A669DCC000D4895 /* ConstantSize.swift */; };
		EDE53CE62A66A154000D4895 /* SideView.swift in Sources */ = {isa = PBXBuildFile; fileRef = EDE53CE52A66A154000D4895 /* SideView.swift */; };
		EDE53CE82A66A5A5000D4895 /* SquareView.swift in Sources */ = {isa = PBXBuildFile; fileRef = EDE53CE72A66A5A5000D4895 /* SquareView.swift */; };
/* End PBXBuildFile section */

/* Begin PBXContainerItemProxy section */
		EDE53CB92A657FCF000D4895 /* PBXContainerItemProxy */ = {
			isa = PBXContainerItemProxy;
			containerPortal = EDE53C9A2A657FCD000D4895 /* Project object */;
			proxyType = 1;
			remoteGlobalIDString = EDE53CA12A657FCD000D4895;
			remoteInfo = MyKeynote;
		};
		EDE53CC32A657FCF000D4895 /* PBXContainerItemProxy */ = {
			isa = PBXContainerItemProxy;
			containerPortal = EDE53C9A2A657FCD000D4895 /* Project object */;
			proxyType = 1;
			remoteGlobalIDString = EDE53CA12A657FCD000D4895;
			remoteInfo = MyKeynote;
		};
/* End PBXContainerItemProxy section */

/* Begin PBXFileReference section */
		EDE53CA22A657FCD000D4895 /* MyKeynote.app */ = {isa = PBXFileReference; explicitFileType = wrapper.application; includeInIndex = 0; path = MyKeynote.app; sourceTree = BUILT_PRODUCTS_DIR; };
		EDE53CA52A657FCD000D4895 /* AppDelegate.swift */ = {isa = PBXFileReference; lastKnownFileType = sourcecode.swift; path = AppDelegate.swift; sourceTree = "<group>"; };
		EDE53CA72A657FCD000D4895 /* SceneDelegate.swift */ = {isa = PBXFileReference; lastKnownFileType = sourcecode.swift; path = SceneDelegate.swift; sourceTree = "<group>"; };
		EDE53CA92A657FCD000D4895 /* MainViewController.swift */ = {isa = PBXFileReference; lastKnownFileType = sourcecode.swift; path = MainViewController.swift; sourceTree = "<group>"; };
		EDE53CAE2A657FCF000D4895 /* Assets.xcassets */ = {isa = PBXFileReference; lastKnownFileType = folder.assetcatalog; path = Assets.xcassets; sourceTree = "<group>"; };
		EDE53CB12A657FCF000D4895 /* Base */ = {isa = PBXFileReference; lastKnownFileType = file.storyboard; name = Base; path = Base.lproj/LaunchScreen.storyboard; sourceTree = "<group>"; };
		EDE53CB32A657FCF000D4895 /* Info.plist */ = {isa = PBXFileReference; lastKnownFileType = text.plist.xml; path = Info.plist; sourceTree = "<group>"; };
		EDE53CB82A657FCF000D4895 /* MyKeynoteTests.xctest */ = {isa = PBXFileReference; explicitFileType = wrapper.cfbundle; includeInIndex = 0; path = MyKeynoteTests.xctest; sourceTree = BUILT_PRODUCTS_DIR; };
		EDE53CBC2A657FCF000D4895 /* MyKeynoteTests.swift */ = {isa = PBXFileReference; lastKnownFileType = sourcecode.swift; path = MyKeynoteTests.swift; sourceTree = "<group>"; };
		EDE53CC22A657FCF000D4895 /* MyKeynoteUITests.xctest */ = {isa = PBXFileReference; explicitFileType = wrapper.cfbundle; includeInIndex = 0; path = MyKeynoteUITests.xctest; sourceTree = BUILT_PRODUCTS_DIR; };
		EDE53CC62A657FCF000D4895 /* MyKeynoteUITests.swift */ = {isa = PBXFileReference; lastKnownFileType = sourcecode.swift; path = MyKeynoteUITests.swift; sourceTree = "<group>"; };
		EDE53CC82A657FCF000D4895 /* MyKeynoteUITestsLaunchTests.swift */ = {isa = PBXFileReference; lastKnownFileType = sourcecode.swift; path = MyKeynoteUITestsLaunchTests.swift; sourceTree = "<group>"; };
		EDE53CD62A659D3C000D4895 /* Protocols.swift */ = {isa = PBXFileReference; lastKnownFileType = sourcecode.swift; path = Protocols.swift; sourceTree = "<group>"; };
		EDE53CD82A65A02C000D4895 /* SquareSlide.swift */ = {isa = PBXFileReference; lastKnownFileType = sourcecode.swift; path = SquareSlide.swift; sourceTree = "<group>"; };
		EDE53CDA2A65A38E000D4895 /* Factory.swift */ = {isa = PBXFileReference; lastKnownFileType = sourcecode.swift; path = Factory.swift; sourceTree = "<group>"; };
		EDE53CDC2A6683E0000D4895 /* AlphaType.swift */ = {isa = PBXFileReference; lastKnownFileType = sourcecode.swift; path = AlphaType.swift; sourceTree = "<group>"; };
		EDE53CDE2A66841B000D4895 /* RGBColor.swift */ = {isa = PBXFileReference; lastKnownFileType = sourcecode.swift; path = RGBColor.swift; sourceTree = "<group>"; };
		EDE53CE02A668DE0000D4895 /* StringExtension.swift */ = {isa = PBXFileReference; lastKnownFileType = sourcecode.swift; path = StringExtension.swift; sourceTree = "<group>"; };
		EDE53CE32A669DCC000D4895 /* ConstantSize.swift */ = {isa = PBXFileReference; lastKnownFileType = sourcecode.swift; path = ConstantSize.swift; sourceTree = "<group>"; };
		EDE53CE52A66A154000D4895 /* SideView.swift */ = {isa = PBXFileReference; lastKnownFileType = sourcecode.swift; path = SideView.swift; sourceTree = "<group>"; };
		EDE53CE72A66A5A5000D4895 /* SquareView.swift */ = {isa = PBXFileReference; lastKnownFileType = sourcecode.swift; path = SquareView.swift; sourceTree = "<group>"; };
/* End PBXFileReference section */

/* Begin PBXFrameworksBuildPhase section */
		EDE53C9F2A657FCD000D4895 /* Frameworks */ = {
			isa = PBXFrameworksBuildPhase;
			buildActionMask = 2147483647;
			files = (
			);
			runOnlyForDeploymentPostprocessing = 0;
		};
		EDE53CB52A657FCF000D4895 /* Frameworks */ = {
			isa = PBXFrameworksBuildPhase;
			buildActionMask = 2147483647;
			files = (
			);
			runOnlyForDeploymentPostprocessing = 0;
		};
		EDE53CBF2A657FCF000D4895 /* Frameworks */ = {
			isa = PBXFrameworksBuildPhase;
			buildActionMask = 2147483647;
			files = (
			);
			runOnlyForDeploymentPostprocessing = 0;
		};
/* End PBXFrameworksBuildPhase section */

/* Begin PBXGroup section */
		EDE53C992A657FCD000D4895 = {
			isa = PBXGroup;
			children = (
				EDE53CA42A657FCD000D4895 /* MyKeynote */,
				EDE53CBB2A657FCF000D4895 /* MyKeynoteTests */,
				EDE53CC52A657FCF000D4895 /* MyKeynoteUITests */,
				EDE53CA32A657FCD000D4895 /* Products */,
			);
			sourceTree = "<group>";
		};
		EDE53CA32A657FCD000D4895 /* Products */ = {
			isa = PBXGroup;
			children = (
				EDE53CA22A657FCD000D4895 /* MyKeynote.app */,
				EDE53CB82A657FCF000D4895 /* MyKeynoteTests.xctest */,
				EDE53CC22A657FCF000D4895 /* MyKeynoteUITests.xctest */,
			);
			name = Products;
			sourceTree = "<group>";
		};
		EDE53CA42A657FCD000D4895 /* MyKeynote */ = {
			isa = PBXGroup;
			children = (
				EDE53CEB2A66D1DF000D4895 /* App */,
				EDE53CE22A669DBC000D4895 /* View */,
				EDE53CD52A659D2D000D4895 /* Model */,
				EDE53CAE2A657FCF000D4895 /* Assets.xcassets */,
				EDE53CB02A657FCF000D4895 /* LaunchScreen.storyboard */,
				EDE53CB32A657FCF000D4895 /* Info.plist */,
			);
			path = MyKeynote;
			sourceTree = "<group>";
		};
		EDE53CBB2A657FCF000D4895 /* MyKeynoteTests */ = {
			isa = PBXGroup;
			children = (
				EDE53CBC2A657FCF000D4895 /* MyKeynoteTests.swift */,
			);
			path = MyKeynoteTests;
			sourceTree = "<group>";
		};
		EDE53CC52A657FCF000D4895 /* MyKeynoteUITests */ = {
			isa = PBXGroup;
			children = (
				EDE53CC62A657FCF000D4895 /* MyKeynoteUITests.swift */,
				EDE53CC82A657FCF000D4895 /* MyKeynoteUITestsLaunchTests.swift */,
			);
			path = MyKeynoteUITests;
			sourceTree = "<group>";
		};
		EDE53CD52A659D2D000D4895 /* Model */ = {
			isa = PBXGroup;
			children = (
				EDE53CE32A669DCC000D4895 /* ConstantSize.swift */,
				EDE53CE02A668DE0000D4895 /* StringExtension.swift */,
				EDE53CDE2A66841B000D4895 /* RGBColor.swift */,
				EDE53CDC2A6683E0000D4895 /* AlphaType.swift */,
				EDE53CDA2A65A38E000D4895 /* Factory.swift */,
				EDE53CD62A659D3C000D4895 /* Protocols.swift */,
				EDE53CD82A65A02C000D4895 /* SquareSlide.swift */,
			);
			path = Model;
			sourceTree = "<group>";
		};
		EDE53CE22A669DBC000D4895 /* View */ = {
			isa = PBXGroup;
			children = (
				EDE53CE52A66A154000D4895 /* SideView.swift */,
				EDE53CE72A66A5A5000D4895 /* SquareView.swift */,
			);
			path = View;
			sourceTree = "<group>";
		};
		EDE53CEB2A66D1DF000D4895 /* App */ = {
			isa = PBXGroup;
			children = (
				EDE53CA72A657FCD000D4895 /* SceneDelegate.swift */,
				EDE53CA52A657FCD000D4895 /* AppDelegate.swift */,
				EDE53CA92A657FCD000D4895 /* MainViewController.swift */,
			);
			path = App;
			sourceTree = "<group>";
		};
/* End PBXGroup section */

/* Begin PBXNativeTarget section */
		EDE53CA12A657FCD000D4895 /* MyKeynote */ = {
			isa = PBXNativeTarget;
			buildConfigurationList = EDE53CCC2A657FCF000D4895 /* Build configuration list for PBXNativeTarget "MyKeynote" */;
			buildPhases = (
				EDE53C9E2A657FCD000D4895 /* Sources */,
				EDE53C9F2A657FCD000D4895 /* Frameworks */,
				EDE53CA02A657FCD000D4895 /* Resources */,
			);
			buildRules = (
			);
			dependencies = (
			);
			name = MyKeynote;
			productName = MyKeynote;
			productReference = EDE53CA22A657FCD000D4895 /* MyKeynote.app */;
			productType = "com.apple.product-type.application";
		};
		EDE53CB72A657FCF000D4895 /* MyKeynoteTests */ = {
			isa = PBXNativeTarget;
			buildConfigurationList = EDE53CCF2A657FCF000D4895 /* Build configuration list for PBXNativeTarget "MyKeynoteTests" */;
			buildPhases = (
				EDE53CB42A657FCF000D4895 /* Sources */,
				EDE53CB52A657FCF000D4895 /* Frameworks */,
				EDE53CB62A657FCF000D4895 /* Resources */,
			);
			buildRules = (
			);
			dependencies = (
				EDE53CBA2A657FCF000D4895 /* PBXTargetDependency */,
			);
			name = MyKeynoteTests;
			productName = MyKeynoteTests;
			productReference = EDE53CB82A657FCF000D4895 /* MyKeynoteTests.xctest */;
			productType = "com.apple.product-type.bundle.unit-test";
		};
		EDE53CC12A657FCF000D4895 /* MyKeynoteUITests */ = {
			isa = PBXNativeTarget;
			buildConfigurationList = EDE53CD22A657FCF000D4895 /* Build configuration list for PBXNativeTarget "MyKeynoteUITests" */;
			buildPhases = (
				EDE53CBE2A657FCF000D4895 /* Sources */,
				EDE53CBF2A657FCF000D4895 /* Frameworks */,
				EDE53CC02A657FCF000D4895 /* Resources */,
			);
			buildRules = (
			);
			dependencies = (
				EDE53CC42A657FCF000D4895 /* PBXTargetDependency */,
			);
			name = MyKeynoteUITests;
			productName = MyKeynoteUITests;
			productReference = EDE53CC22A657FCF000D4895 /* MyKeynoteUITests.xctest */;
			productType = "com.apple.product-type.bundle.ui-testing";
		};
/* End PBXNativeTarget section */

/* Begin PBXProject section */
		EDE53C9A2A657FCD000D4895 /* Project object */ = {
			isa = PBXProject;
			attributes = {
				BuildIndependentTargetsInParallel = 1;
				LastSwiftUpdateCheck = 1430;
				LastUpgradeCheck = 1430;
				TargetAttributes = {
					EDE53CA12A657FCD000D4895 = {
						CreatedOnToolsVersion = 14.3.1;
					};
					EDE53CB72A657FCF000D4895 = {
						CreatedOnToolsVersion = 14.3.1;
						TestTargetID = EDE53CA12A657FCD000D4895;
					};
					EDE53CC12A657FCF000D4895 = {
						CreatedOnToolsVersion = 14.3.1;
						TestTargetID = EDE53CA12A657FCD000D4895;
					};
				};
			};
			buildConfigurationList = EDE53C9D2A657FCD000D4895 /* Build configuration list for PBXProject "MyKeynote" */;
			compatibilityVersion = "Xcode 14.0";
			developmentRegion = en;
			hasScannedForEncodings = 0;
			knownRegions = (
				en,
				Base,
			);
			mainGroup = EDE53C992A657FCD000D4895;
			productRefGroup = EDE53CA32A657FCD000D4895 /* Products */;
			projectDirPath = "";
			projectRoot = "";
			targets = (
				EDE53CA12A657FCD000D4895 /* MyKeynote */,
				EDE53CB72A657FCF000D4895 /* MyKeynoteTests */,
				EDE53CC12A657FCF000D4895 /* MyKeynoteUITests */,
			);
		};
/* End PBXProject section */

/* Begin PBXResourcesBuildPhase section */
		EDE53CA02A657FCD000D4895 /* Resources */ = {
			isa = PBXResourcesBuildPhase;
			buildActionMask = 2147483647;
			files = (
				EDE53CB22A657FCF000D4895 /* LaunchScreen.storyboard in Resources */,
				EDE53CAF2A657FCF000D4895 /* Assets.xcassets in Resources */,
			);
			runOnlyForDeploymentPostprocessing = 0;
		};
		EDE53CB62A657FCF000D4895 /* Resources */ = {
			isa = PBXResourcesBuildPhase;
			buildActionMask = 2147483647;
			files = (
			);
			runOnlyForDeploymentPostprocessing = 0;
		};
		EDE53CC02A657FCF000D4895 /* Resources */ = {
			isa = PBXResourcesBuildPhase;
			buildActionMask = 2147483647;
			files = (
			);
			runOnlyForDeploymentPostprocessing = 0;
		};
/* End PBXResourcesBuildPhase section */

/* Begin PBXSourcesBuildPhase section */
		EDE53C9E2A657FCD000D4895 /* Sources */ = {
			isa = PBXSourcesBuildPhase;
			buildActionMask = 2147483647;
			files = (
				EDE53CAA2A657FCD000D4895 /* MainViewController.swift in Sources */,
				EDE53CA62A657FCD000D4895 /* AppDelegate.swift in Sources */,
				EDE53CDB2A65A38E000D4895 /* Factory.swift in Sources */,
				EDE53CE82A66A5A5000D4895 /* SquareView.swift in Sources */,
				EDE53CDF2A66841B000D4895 /* RGBColor.swift in Sources */,
				EDE53CE42A669DCC000D4895 /* ConstantSize.swift in Sources */,
				EDE53CD92A65A02C000D4895 /* SquareSlide.swift in Sources */,
				EDE53CE12A668DE0000D4895 /* StringExtension.swift in Sources */,
				EDE53CE62A66A154000D4895 /* SideView.swift in Sources */,
				EDE53CDD2A6683E0000D4895 /* AlphaType.swift in Sources */,
				EDE53CA82A657FCD000D4895 /* SceneDelegate.swift in Sources */,
				EDE53CD72A659D3C000D4895 /* Protocols.swift in Sources */,
			);
			runOnlyForDeploymentPostprocessing = 0;
		};
		EDE53CB42A657FCF000D4895 /* Sources */ = {
			isa = PBXSourcesBuildPhase;
			buildActionMask = 2147483647;
			files = (
				EDE53CBD2A657FCF000D4895 /* MyKeynoteTests.swift in Sources */,
			);
			runOnlyForDeploymentPostprocessing = 0;
		};
		EDE53CBE2A657FCF000D4895 /* Sources */ = {
			isa = PBXSourcesBuildPhase;
			buildActionMask = 2147483647;
			files = (
				EDE53CC92A657FCF000D4895 /* MyKeynoteUITestsLaunchTests.swift in Sources */,
				EDE53CC72A657FCF000D4895 /* MyKeynoteUITests.swift in Sources */,
			);
			runOnlyForDeploymentPostprocessing = 0;
		};
/* End PBXSourcesBuildPhase section */

/* Begin PBXTargetDependency section */
		EDE53CBA2A657FCF000D4895 /* PBXTargetDependency */ = {
			isa = PBXTargetDependency;
			target = EDE53CA12A657FCD000D4895 /* MyKeynote */;
			targetProxy = EDE53CB92A657FCF000D4895 /* PBXContainerItemProxy */;
		};
		EDE53CC42A657FCF000D4895 /* PBXTargetDependency */ = {
			isa = PBXTargetDependency;
			target = EDE53CA12A657FCD000D4895 /* MyKeynote */;
			targetProxy = EDE53CC32A657FCF000D4895 /* PBXContainerItemProxy */;
		};
/* End PBXTargetDependency section */

/* Begin PBXVariantGroup section */
		EDE53CB02A657FCF000D4895 /* LaunchScreen.storyboard */ = {
			isa = PBXVariantGroup;
			children = (
				EDE53CB12A657FCF000D4895 /* Base */,
			);
			name = LaunchScreen.storyboard;
			sourceTree = "<group>";
		};
/* End PBXVariantGroup section */

/* Begin XCBuildConfiguration section */
		EDE53CCA2A657FCF000D4895 /* Debug */ = {
			isa = XCBuildConfiguration;
			buildSettings = {
				ALWAYS_SEARCH_USER_PATHS = NO;
				CLANG_ANALYZER_NONNULL = YES;
				CLANG_ANALYZER_NUMBER_OBJECT_CONVERSION = YES_AGGRESSIVE;
				CLANG_CXX_LANGUAGE_STANDARD = "gnu++20";
				CLANG_ENABLE_MODULES = YES;
				CLANG_ENABLE_OBJC_ARC = YES;
				CLANG_ENABLE_OBJC_WEAK = YES;
				CLANG_WARN_BLOCK_CAPTURE_AUTORELEASING = YES;
				CLANG_WARN_BOOL_CONVERSION = YES;
				CLANG_WARN_COMMA = YES;
				CLANG_WARN_CONSTANT_CONVERSION = YES;
				CLANG_WARN_DEPRECATED_OBJC_IMPLEMENTATIONS = YES;
				CLANG_WARN_DIRECT_OBJC_ISA_USAGE = YES_ERROR;
				CLANG_WARN_DOCUMENTATION_COMMENTS = YES;
				CLANG_WARN_EMPTY_BODY = YES;
				CLANG_WARN_ENUM_CONVERSION = YES;
				CLANG_WARN_INFINITE_RECURSION = YES;
				CLANG_WARN_INT_CONVERSION = YES;
				CLANG_WARN_NON_LITERAL_NULL_CONVERSION = YES;
				CLANG_WARN_OBJC_IMPLICIT_RETAIN_SELF = YES;
				CLANG_WARN_OBJC_LITERAL_CONVERSION = YES;
				CLANG_WARN_OBJC_ROOT_CLASS = YES_ERROR;
				CLANG_WARN_QUOTED_INCLUDE_IN_FRAMEWORK_HEADER = YES;
				CLANG_WARN_RANGE_LOOP_ANALYSIS = YES;
				CLANG_WARN_STRICT_PROTOTYPES = YES;
				CLANG_WARN_SUSPICIOUS_MOVE = YES;
				CLANG_WARN_UNGUARDED_AVAILABILITY = YES_AGGRESSIVE;
				CLANG_WARN_UNREACHABLE_CODE = YES;
				CLANG_WARN__DUPLICATE_METHOD_MATCH = YES;
				COPY_PHASE_STRIP = NO;
				DEBUG_INFORMATION_FORMAT = dwarf;
				ENABLE_STRICT_OBJC_MSGSEND = YES;
				ENABLE_TESTABILITY = YES;
				GCC_C_LANGUAGE_STANDARD = gnu11;
				GCC_DYNAMIC_NO_PIC = NO;
				GCC_NO_COMMON_BLOCKS = YES;
				GCC_OPTIMIZATION_LEVEL = 0;
				GCC_PREPROCESSOR_DEFINITIONS = (
					"DEBUG=1",
					"$(inherited)",
				);
				GCC_WARN_64_TO_32_BIT_CONVERSION = YES;
				GCC_WARN_ABOUT_RETURN_TYPE = YES_ERROR;
				GCC_WARN_UNDECLARED_SELECTOR = YES;
				GCC_WARN_UNINITIALIZED_AUTOS = YES_AGGRESSIVE;
				GCC_WARN_UNUSED_FUNCTION = YES;
				GCC_WARN_UNUSED_VARIABLE = YES;
				IPHONEOS_DEPLOYMENT_TARGET = 16.4;
				MTL_ENABLE_DEBUG_INFO = INCLUDE_SOURCE;
				MTL_FAST_MATH = YES;
				ONLY_ACTIVE_ARCH = YES;
				SDKROOT = iphoneos;
				SWIFT_ACTIVE_COMPILATION_CONDITIONS = DEBUG;
				SWIFT_OPTIMIZATION_LEVEL = "-Onone";
			};
			name = Debug;
		};
		EDE53CCB2A657FCF000D4895 /* Release */ = {
			isa = XCBuildConfiguration;
			buildSettings = {
				ALWAYS_SEARCH_USER_PATHS = NO;
				CLANG_ANALYZER_NONNULL = YES;
				CLANG_ANALYZER_NUMBER_OBJECT_CONVERSION = YES_AGGRESSIVE;
				CLANG_CXX_LANGUAGE_STANDARD = "gnu++20";
				CLANG_ENABLE_MODULES = YES;
				CLANG_ENABLE_OBJC_ARC = YES;
				CLANG_ENABLE_OBJC_WEAK = YES;
				CLANG_WARN_BLOCK_CAPTURE_AUTORELEASING = YES;
				CLANG_WARN_BOOL_CONVERSION = YES;
				CLANG_WARN_COMMA = YES;
				CLANG_WARN_CONSTANT_CONVERSION = YES;
				CLANG_WARN_DEPRECATED_OBJC_IMPLEMENTATIONS = YES;
				CLANG_WARN_DIRECT_OBJC_ISA_USAGE = YES_ERROR;
				CLANG_WARN_DOCUMENTATION_COMMENTS = YES;
				CLANG_WARN_EMPTY_BODY = YES;
				CLANG_WARN_ENUM_CONVERSION = YES;
				CLANG_WARN_INFINITE_RECURSION = YES;
				CLANG_WARN_INT_CONVERSION = YES;
				CLANG_WARN_NON_LITERAL_NULL_CONVERSION = YES;
				CLANG_WARN_OBJC_IMPLICIT_RETAIN_SELF = YES;
				CLANG_WARN_OBJC_LITERAL_CONVERSION = YES;
				CLANG_WARN_OBJC_ROOT_CLASS = YES_ERROR;
				CLANG_WARN_QUOTED_INCLUDE_IN_FRAMEWORK_HEADER = YES;
				CLANG_WARN_RANGE_LOOP_ANALYSIS = YES;
				CLANG_WARN_STRICT_PROTOTYPES = YES;
				CLANG_WARN_SUSPICIOUS_MOVE = YES;
				CLANG_WARN_UNGUARDED_AVAILABILITY = YES_AGGRESSIVE;
				CLANG_WARN_UNREACHABLE_CODE = YES;
				CLANG_WARN__DUPLICATE_METHOD_MATCH = YES;
				COPY_PHASE_STRIP = NO;
				DEBUG_INFORMATION_FORMAT = "dwarf-with-dsym";
				ENABLE_NS_ASSERTIONS = NO;
				ENABLE_STRICT_OBJC_MSGSEND = YES;
				GCC_C_LANGUAGE_STANDARD = gnu11;
				GCC_NO_COMMON_BLOCKS = YES;
				GCC_WARN_64_TO_32_BIT_CONVERSION = YES;
				GCC_WARN_ABOUT_RETURN_TYPE = YES_ERROR;
				GCC_WARN_UNDECLARED_SELECTOR = YES;
				GCC_WARN_UNINITIALIZED_AUTOS = YES_AGGRESSIVE;
				GCC_WARN_UNUSED_FUNCTION = YES;
				GCC_WARN_UNUSED_VARIABLE = YES;
				IPHONEOS_DEPLOYMENT_TARGET = 16.4;
				MTL_ENABLE_DEBUG_INFO = NO;
				MTL_FAST_MATH = YES;
				SDKROOT = iphoneos;
				SWIFT_COMPILATION_MODE = wholemodule;
				SWIFT_OPTIMIZATION_LEVEL = "-O";
				VALIDATE_PRODUCT = YES;
			};
			name = Release;
		};
		EDE53CCD2A657FCF000D4895 /* Debug */ = {
			isa = XCBuildConfiguration;
			buildSettings = {
				ASSETCATALOG_COMPILER_APPICON_NAME = AppIcon;
				ASSETCATALOG_COMPILER_GLOBAL_ACCENT_COLOR_NAME = AccentColor;
				CODE_SIGN_STYLE = Automatic;
				CURRENT_PROJECT_VERSION = 1;
				DEVELOPMENT_TEAM = F7THTSRVL7;
				GENERATE_INFOPLIST_FILE = YES;
				INFOPLIST_FILE = MyKeynote/Info.plist;
				INFOPLIST_KEY_UIApplicationSupportsIndirectInputEvents = YES;
				INFOPLIST_KEY_UILaunchStoryboardName = LaunchScreen;
				INFOPLIST_KEY_UISupportedInterfaceOrientations = "UIInterfaceOrientationLandscapeLeft UIInterfaceOrientationLandscapeRight UIInterfaceOrientationPortrait";
				INFOPLIST_KEY_UISupportedInterfaceOrientations_iPad = "UIInterfaceOrientationLandscapeLeft UIInterfaceOrientationLandscapeRight";
				LD_RUNPATH_SEARCH_PATHS = (
					"$(inherited)",
					"@executable_path/Frameworks",
				);
				MARKETING_VERSION = 1.0;
				PRODUCT_BUNDLE_IDENTIFIER = com.sumin305.MyKeynote;
				PRODUCT_NAME = "$(TARGET_NAME)";
				SUPPORTED_PLATFORMS = "iphoneos iphonesimulator";
				SUPPORTS_MACCATALYST = NO;
				SUPPORTS_MAC_DESIGNED_FOR_IPHONE_IPAD = YES;
				SWIFT_EMIT_LOC_STRINGS = YES;
				SWIFT_VERSION = 5.0;
				TARGETED_DEVICE_FAMILY = 2;
			};
			name = Debug;
		};
		EDE53CCE2A657FCF000D4895 /* Release */ = {
			isa = XCBuildConfiguration;
			buildSettings = {
				ASSETCATALOG_COMPILER_APPICON_NAME = AppIcon;
				ASSETCATALOG_COMPILER_GLOBAL_ACCENT_COLOR_NAME = AccentColor;
				CODE_SIGN_STYLE = Automatic;
				CURRENT_PROJECT_VERSION = 1;
				DEVELOPMENT_TEAM = F7THTSRVL7;
				GENERATE_INFOPLIST_FILE = YES;
				INFOPLIST_FILE = MyKeynote/Info.plist;
				INFOPLIST_KEY_UIApplicationSupportsIndirectInputEvents = YES;
				INFOPLIST_KEY_UILaunchStoryboardName = LaunchScreen;
				INFOPLIST_KEY_UISupportedInterfaceOrientations = "UIInterfaceOrientationLandscapeLeft UIInterfaceOrientationLandscapeRight UIInterfaceOrientationPortrait";
				INFOPLIST_KEY_UISupportedInterfaceOrientations_iPad = "UIInterfaceOrientationLandscapeLeft UIInterfaceOrientationLandscapeRight";
				LD_RUNPATH_SEARCH_PATHS = (
					"$(inherited)",
					"@executable_path/Frameworks",
				);
				MARKETING_VERSION = 1.0;
				PRODUCT_BUNDLE_IDENTIFIER = com.sumin305.MyKeynote;
				PRODUCT_NAME = "$(TARGET_NAME)";
				SUPPORTED_PLATFORMS = "iphoneos iphonesimulator";
				SUPPORTS_MACCATALYST = NO;
				SUPPORTS_MAC_DESIGNED_FOR_IPHONE_IPAD = YES;
				SWIFT_EMIT_LOC_STRINGS = YES;
				SWIFT_VERSION = 5.0;
				TARGETED_DEVICE_FAMILY = 2;
			};
			name = Release;
		};
		EDE53CD02A657FCF000D4895 /* Debug */ = {
			isa = XCBuildConfiguration;
			buildSettings = {
				ALWAYS_EMBED_SWIFT_STANDARD_LIBRARIES = YES;
				BUNDLE_LOADER = "$(TEST_HOST)";
				CODE_SIGN_STYLE = Automatic;
				CURRENT_PROJECT_VERSION = 1;
				DEVELOPMENT_TEAM = F7THTSRVL7;
				GENERATE_INFOPLIST_FILE = YES;
				IPHONEOS_DEPLOYMENT_TARGET = 16.4;
				MARKETING_VERSION = 1.0;
				PRODUCT_BUNDLE_IDENTIFIER = com.sumin305.MyKeynoteTests;
				PRODUCT_NAME = "$(TARGET_NAME)";
				SWIFT_EMIT_LOC_STRINGS = NO;
				SWIFT_VERSION = 5.0;
				TARGETED_DEVICE_FAMILY = "1,2";
				TEST_HOST = "$(BUILT_PRODUCTS_DIR)/MyKeynote.app/$(BUNDLE_EXECUTABLE_FOLDER_PATH)/MyKeynote";
			};
			name = Debug;
		};
		EDE53CD12A657FCF000D4895 /* Release */ = {
			isa = XCBuildConfiguration;
			buildSettings = {
				ALWAYS_EMBED_SWIFT_STANDARD_LIBRARIES = YES;
				BUNDLE_LOADER = "$(TEST_HOST)";
				CODE_SIGN_STYLE = Automatic;
				CURRENT_PROJECT_VERSION = 1;
				DEVELOPMENT_TEAM = F7THTSRVL7;
				GENERATE_INFOPLIST_FILE = YES;
				IPHONEOS_DEPLOYMENT_TARGET = 16.4;
				MARKETING_VERSION = 1.0;
				PRODUCT_BUNDLE_IDENTIFIER = com.sumin305.MyKeynoteTests;
				PRODUCT_NAME = "$(TARGET_NAME)";
				SWIFT_EMIT_LOC_STRINGS = NO;
				SWIFT_VERSION = 5.0;
				TARGETED_DEVICE_FAMILY = "1,2";
				TEST_HOST = "$(BUILT_PRODUCTS_DIR)/MyKeynote.app/$(BUNDLE_EXECUTABLE_FOLDER_PATH)/MyKeynote";
			};
			name = Release;
		};
		EDE53CD32A657FCF000D4895 /* Debug */ = {
			isa = XCBuildConfiguration;
			buildSettings = {
				ALWAYS_EMBED_SWIFT_STANDARD_LIBRARIES = YES;
				CODE_SIGN_STYLE = Automatic;
				CURRENT_PROJECT_VERSION = 1;
				DEVELOPMENT_TEAM = F7THTSRVL7;
				GENERATE_INFOPLIST_FILE = YES;
				MARKETING_VERSION = 1.0;
				PRODUCT_BUNDLE_IDENTIFIER = com.sumin305.MyKeynoteUITests;
				PRODUCT_NAME = "$(TARGET_NAME)";
				SWIFT_EMIT_LOC_STRINGS = NO;
				SWIFT_VERSION = 5.0;
				TARGETED_DEVICE_FAMILY = "1,2";
				TEST_TARGET_NAME = MyKeynote;
			};
			name = Debug;
		};
		EDE53CD42A657FCF000D4895 /* Release */ = {
			isa = XCBuildConfiguration;
			buildSettings = {
				ALWAYS_EMBED_SWIFT_STANDARD_LIBRARIES = YES;
				CODE_SIGN_STYLE = Automatic;
				CURRENT_PROJECT_VERSION = 1;
				DEVELOPMENT_TEAM = F7THTSRVL7;
				GENERATE_INFOPLIST_FILE = YES;
				MARKETING_VERSION = 1.0;
				PRODUCT_BUNDLE_IDENTIFIER = com.sumin305.MyKeynoteUITests;
				PRODUCT_NAME = "$(TARGET_NAME)";
				SWIFT_EMIT_LOC_STRINGS = NO;
				SWIFT_VERSION = 5.0;
				TARGETED_DEVICE_FAMILY = "1,2";
				TEST_TARGET_NAME = MyKeynote;
			};
			name = Release;
		};
/* End XCBuildConfiguration section */

/* Begin XCConfigurationList section */
		EDE53C9D2A657FCD000D4895 /* Build configuration list for PBXProject "MyKeynote" */ = {
			isa = XCConfigurationList;
			buildConfigurations = (
				EDE53CCA2A657FCF000D4895 /* Debug */,
				EDE53CCB2A657FCF000D4895 /* Release */,
			);
			defaultConfigurationIsVisible = 0;
			defaultConfigurationName = Release;
		};
		EDE53CCC2A657FCF000D4895 /* Build configuration list for PBXNativeTarget "MyKeynote" */ = {
			isa = XCConfigurationList;
			buildConfigurations = (
				EDE53CCD2A657FCF000D4895 /* Debug */,
				EDE53CCE2A657FCF000D4895 /* Release */,
			);
			defaultConfigurationIsVisible = 0;
			defaultConfigurationName = Release;
		};
		EDE53CCF2A657FCF000D4895 /* Build configuration list for PBXNativeTarget "MyKeynoteTests" */ = {
			isa = XCConfigurationList;
			buildConfigurations = (
				EDE53CD02A657FCF000D4895 /* Debug */,
				EDE53CD12A657FCF000D4895 /* Release */,
			);
			defaultConfigurationIsVisible = 0;
			defaultConfigurationName = Release;
		};
		EDE53CD22A657FCF000D4895 /* Build configuration list for PBXNativeTarget "MyKeynoteUITests" */ = {
			isa = XCConfigurationList;
			buildConfigurations = (
				EDE53CD32A657FCF000D4895 /* Debug */,
				EDE53CD42A657FCF000D4895 /* Release */,
			);
			defaultConfigurationIsVisible = 0;
			defaultConfigurationName = Release;
		};
/* End XCConfigurationList section */
	};
	rootObject = EDE53C9A2A657FCD000D4895 /* Project object */;
}
